
Microsoft Visual Studio Solution File, Format Version 12.00
# Visual Studio Version 17
VisualStudioVersion = 17.2.32526.322
MinimumVisualStudioVersion = 10.0.40219.1
Project("{FAE04EC0-301F-11D3-BF4B-00C04F79EFBC}") = "WebApis", "WebApis\WebApis.csproj", "{166BEE30-8F65-47B8-99D3-125E239FCBCE}"
EndProject
Global
	GlobalSection(SolutionConfigurationPlatforms) = preSolution
		Debug|Any CPU = Debug|Any CPU
		Release|Any CPU = Release|Any CPU
	EndGlobalSection
	GlobalSection(ProjectConfigurationPlatforms) = postSolution
		{166BEE30-8F65-47B8-99D3-125E239FCBCE}.Debug|Any CPU.ActiveCfg = Debug|Any CPU
		{166BEE30-8F65-47B8-99D3-125E239FCBCE}.Debug|Any CPU.Build.0 = Debug|Any CPU
		{166BEE30-8F65-47B8-99D3-125E239FCBCE}.Release|Any CPU.ActiveCfg = Release|Any CPU
		{166BEE30-8F65-47B8-99D3-125E239FCBCE}.Release|Any CPU.Build.0 = Release|Any CPU
	EndGlobalSection
	GlobalSection(SolutionProperties) = preSolution
		HideSolutionNode = FALSE
	EndGlobalSection
	GlobalSection(ExtensibilityGlobals) = postSolution
		SolutionGuid = {5AD6DDD9-719E-47F1-B362-C503CE9407F7}
	EndGlobalSection
EndGlobal
